
Microsoft Visual Studio Solution File, Format Version 12.00
# Visual Studio Version 17
VisualStudioVersion = 17.5.33516.290
MinimumVisualStudioVersion = 10.0.40219.1
Project("{888888A0-9F3D-457C-B088-3A5042F75D52}") = "Maps", "Maps.pyproj", "{0F170C05-CAE2-47F4-8F0F-7B674ED5DCBD}"
EndProject
Global
	GlobalSection(SolutionConfigurationPlatforms) = preSolution
		Debug|Any CPU = Debug|Any CPU
		Release|Any CPU = Release|Any CPU
	EndGlobalSection
	GlobalSection(ProjectConfigurationPlatforms) = postSolution
		{0F170C05-CAE2-47F4-8F0F-7B674ED5DCBD}.Debug|Any CPU.ActiveCfg = Debug|Any CPU
		{0F170C05-CAE2-47F4-8F0F-7B674ED5DCBD}.Release|Any CPU.ActiveCfg = Release|Any CPU
	EndGlobalSection
	GlobalSection(SolutionProperties) = preSolution
		HideSolutionNode = FALSE
	EndGlobalSection
	GlobalSection(ExtensibilityGlobals) = postSolution
		SolutionGuid = {3C79D2E2-26BF-45FB-BDF8-403F3E07E266}
	EndGlobalSection
EndGlobal
